
Microsoft Visual Studio Solution File, Format Version 12.00
# Visual Studio 15
VisualStudioVersion = 15.0.27004.2005
MinimumVisualStudioVersion = 10.0.40219.1
Project("{9A19103F-16F7-4668-BE54-9A1E7A4F7556}") = "proj0", "proj0\proj0.csproj", "{24CE01AF-2025-4CD1-A89D-9DE7F62AF367}"
EndProject
Project("{FAE04EC0-301F-11D3-BF4B-00C04F79EFBC}") = "ContactLibrary", "ContactLibrary\ContactLibrary.csproj", "{D274A824-C3A1-49C3-A5FE-48F215B6C8D7}"
EndProject
Project("{FAE04EC0-301F-11D3-BF4B-00C04F79EFBC}") = "xUnitTest", "xUnitTest\xUnitTest.csproj", "{EF0DB3A0-EB0F-4843-9B7D-F06902D57853}"
EndProject
Project("{FAE04EC0-301F-11D3-BF4B-00C04F79EFBC}") = "DataAccess", "DataAccess\DataAccess.csproj", "{DCF463D7-A076-4F54-BECB-B80A4D964AF4}"
EndProject
Global
	GlobalSection(SolutionConfigurationPlatforms) = preSolution
		Debug|Any CPU = Debug|Any CPU
		Release|Any CPU = Release|Any CPU
	EndGlobalSection
	GlobalSection(ProjectConfigurationPlatforms) = postSolution
		{24CE01AF-2025-4CD1-A89D-9DE7F62AF367}.Debug|Any CPU.ActiveCfg = Debug|Any CPU
		{24CE01AF-2025-4CD1-A89D-9DE7F62AF367}.Debug|Any CPU.Build.0 = Debug|Any CPU
		{24CE01AF-2025-4CD1-A89D-9DE7F62AF367}.Release|Any CPU.ActiveCfg = Release|Any CPU
		{24CE01AF-2025-4CD1-A89D-9DE7F62AF367}.Release|Any CPU.Build.0 = Release|Any CPU
		{D274A824-C3A1-49C3-A5FE-48F215B6C8D7}.Debug|Any CPU.ActiveCfg = Debug|Any CPU
		{D274A824-C3A1-49C3-A5FE-48F215B6C8D7}.Debug|Any CPU.Build.0 = Debug|Any CPU
		{D274A824-C3A1-49C3-A5FE-48F215B6C8D7}.Release|Any CPU.ActiveCfg = Release|Any CPU
		{D274A824-C3A1-49C3-A5FE-48F215B6C8D7}.Release|Any CPU.Build.0 = Release|Any CPU
		{EF0DB3A0-EB0F-4843-9B7D-F06902D57853}.Debug|Any CPU.ActiveCfg = Debug|Any CPU
		{EF0DB3A0-EB0F-4843-9B7D-F06902D57853}.Debug|Any CPU.Build.0 = Debug|Any CPU
		{EF0DB3A0-EB0F-4843-9B7D-F06902D57853}.Release|Any CPU.ActiveCfg = Release|Any CPU
		{EF0DB3A0-EB0F-4843-9B7D-F06902D57853}.Release|Any CPU.Build.0 = Release|Any CPU
		{DCF463D7-A076-4F54-BECB-B80A4D964AF4}.Debug|Any CPU.ActiveCfg = Debug|Any CPU
		{DCF463D7-A076-4F54-BECB-B80A4D964AF4}.Debug|Any CPU.Build.0 = Debug|Any CPU
		{DCF463D7-A076-4F54-BECB-B80A4D964AF4}.Release|Any CPU.ActiveCfg = Release|Any CPU
		{DCF463D7-A076-4F54-BECB-B80A4D964AF4}.Release|Any CPU.Build.0 = Release|Any CPU
	EndGlobalSection
	GlobalSection(SolutionProperties) = preSolution
		HideSolutionNode = FALSE
	EndGlobalSection
	GlobalSection(ExtensibilityGlobals) = postSolution
		SolutionGuid = {A3BAD308-8B7E-492C-A020-6358824BDE73}
	EndGlobalSection
EndGlobal
